
Microsoft Visual Studio Solution File, Format Version 12.00
# Visual Studio Version 17
VisualStudioVersion = 17.11.35103.136
MinimumVisualStudioVersion = 10.0.40219.1
Project("{9A19103F-16F7-4668-BE54-9A1E7A4F7556}") = "Helix", "Helix.csproj", "{884B9383-8010-43F1-8FAF-46114956CD37}"
EndProject
Project("{FAE04EC0-301F-11D3-BF4B-00C04F79EFBC}") = "Genome", "Genome\Genome.csproj", "{31DA4B53-4397-4EF7-BFDA-64FA74F678C6}"
EndProject
Global
	GlobalSection(SolutionConfigurationPlatforms) = preSolution
		Debug|Any CPU = Debug|Any CPU
		Release|Any CPU = Release|Any CPU
	EndGlobalSection
	GlobalSection(ProjectConfigurationPlatforms) = postSolution
		{884B9383-8010-43F1-8FAF-46114956CD37}.Debug|Any CPU.ActiveCfg = Debug|Any CPU
		{884B9383-8010-43F1-8FAF-46114956CD37}.Debug|Any CPU.Build.0 = Debug|Any CPU
		{884B9383-8010-43F1-8FAF-46114956CD37}.Release|Any CPU.ActiveCfg = Release|Any CPU
		{884B9383-8010-43F1-8FAF-46114956CD37}.Release|Any CPU.Build.0 = Release|Any CPU
		{31DA4B53-4397-4EF7-BFDA-64FA74F678C6}.Debug|Any CPU.ActiveCfg = Debug|Any CPU
		{31DA4B53-4397-4EF7-BFDA-64FA74F678C6}.Debug|Any CPU.Build.0 = Debug|Any CPU
		{31DA4B53-4397-4EF7-BFDA-64FA74F678C6}.Release|Any CPU.ActiveCfg = Release|Any CPU
		{31DA4B53-4397-4EF7-BFDA-64FA74F678C6}.Release|Any CPU.Build.0 = Release|Any CPU
	EndGlobalSection
	GlobalSection(SolutionProperties) = preSolution
		HideSolutionNode = FALSE
	EndGlobalSection
	GlobalSection(ExtensibilityGlobals) = postSolution
		SolutionGuid = {9FA46371-280B-4230-8C85-FA95B45AF3DD}
	EndGlobalSection
EndGlobal
